{
  "version": 1,
  "dependencies": {
    "net10.0-windows7.0": {
      "Buttplug": {
        "type": "Direct",
        "requested": "[4.0.0, )",
        "resolved": "4.0.0",
        "contentHash": "dcxei6cOmY1HzN8C6srtw/fi7ArNEG1ltL+YpqLQn0rqYl92i+NT/1jMr3BxKeNWUCH2/2rV0/Ux3yPJd70QiQ==",
        "dependencies": {
          "Newtonsoft.Json": "13.0.3"
        }
      },
      "DalamudPackager": {
        "type": "Direct",
        "requested": "[14.0.1, )",
        "resolved": "14.0.1",
        "contentHash": "y0WWyUE6dhpGdolK3iKgwys05/nZaVf4ZPtIjpLhJBZvHxkkiE23zYRo7K7uqAgoK/QvK5cqF6l3VG5AbgC6KA=="
      },
      "DebounceThrottle": {
        "type": "Direct",
        "requested": "[3.0.1, )",
        "resolved": "3.0.1",
        "contentHash": "5Kuor4ym0rG9x1n/nhDwBGyl19dRfWougnkqZo9Sj91NsEDKREfWPE97y6tNtZBRWkMBX7kjECVh5zPz0kFY5w=="
      },
      "deniszykov.WebSocketListener": {
        "type": "Direct",
        "requested": "[4.2.16, )",
        "resolved": "4.2.16",
        "contentHash": "WmmZWR2augvA1BHZAgiQztSht3BT48DuVXO9NvC9z7P71W6bFFjeikYGLuf24IYHYMQFP/voPkZ/+3H7s9ac8A==",
        "dependencies": {
          "NETStandard.Library": "1.6.1"
        }
      },
      "DotNet.ReproducibleBuilds": {
        "type": "Direct",
        "requested": "[1.2.39, )",
        "resolved": "1.2.39",
        "contentHash": "fcFN01tDTIQqDuTwr1jUQK/geofiwjG5DycJQOnC72i1SsLAk1ELe+apBOuZ11UMQG8YKFZG1FgvjZPbqHyatg=="
      },
      "Newtonsoft.Json": {
        "type": "Direct",
        "requested": "[13.0.4, )",
        "resolved": "13.0.4",
        "contentHash": "pdgNNMai3zv51W5aq268sujXUyx7SNdE2bj1wZcWjAQrKMFZV260lbqYop1d2GM67JI1huLRwxo9ZqnfF/lC6A=="
      },
      "NoireLib": {
        "type": "Direct",
        "requested": "[1.3.3, )",
        "resolved": "1.3.3",
        "contentHash": "pzI9a5Af7457wUZco0Abx3WkhZqd6410fOn/U4O4H53A0V1kCsIrUWRKNzR1P2cU69R9pY8+BK2LVPiFNQt4GA==",
        "dependencies": {
          "Castle.Core": "5.2.1"
        }
      },
      "Castle.Core": {
        "type": "Transitive",
        "resolved": "5.2.1",
        "contentHash": "wHARzQA695jwwKreOzNsq54KiGqKP38tv8hi8e2FXDEC/sA6BtrX90tVPDkOfVu13PbEzr00TCV8coikl+D1Iw==",
        "dependencies": {
          "System.Diagnostics.EventLog": "6.0.0"
        }
      },
      "Microsoft.NETCore.Platforms": {
        "type": "Transitive",
        "resolved": "1.1.0",
        "contentHash": "kz0PEW2lhqygehI/d6XsPCQzD7ff7gUJaVGPVETX611eadGsA3A877GdSlU0LRVMCTH/+P3o2iDTak+S08V2+A=="
      },
      "NETStandard.Library": {
        "type": "Transitive",
        "resolved": "1.6.1",
        "contentHash": "WcSp3+vP+yHNgS8EV5J7pZ9IRpeDuARBPN28by8zqff1wJQXm26PVU8L3/fYLBJVU7BtDyqNVWq2KlCVvSSR4A==",
        "dependencies": {
          "Microsoft.NETCore.Platforms": "1.1.0"
        }
      },
      "System.Diagnostics.EventLog": {
        "type": "Transitive",
        "resolved": "6.0.0",
        "contentHash": "lcyUiXTsETK2ALsZrX+nWuHSIQeazhqPphLfaRxzdGaG93+0kELqpgEHtwWOlQe7+jSFnKwaCAgL4kjeZCQJnw=="
      }
    }
  }
}